// !$*UTF8*$!
{
	archiveVersion = 1;
	classes = {
	};
	objectVersion = 56;
	objects = {

/* Begin PBXBuildFile section */
		3AD3C8222BCE890800CEA692 /* NotesApp.swift in Sources */ = {isa = PBXBuildFile; fileRef = 3AD3C8212BCE890800CEA692 /* NotesApp.swift */; };
		3AD3C8242BCE890800CEA692 /* ContentView.swift in Sources */ = {isa = PBXBuildFile; fileRef = 3AD3C8232BCE890800CEA692 /* ContentView.swift */; };
		3AD3C8262BCE890A00CEA692 /* Assets.xcassets in Resources */ = {isa = PBXBuildFile; fileRef = 3AD3C8252BCE890A00CEA692 /* Assets.xcassets */; };
		3AD3C8292BCE890A00CEA692 /* Preview Assets.xcassets in Resources */ = {isa = PBXBuildFile; fileRef = 3AD3C8282BCE890A00CEA692 /* Preview Assets.xcassets */; };
		3AD3C8322BCE89C300CEA692 /* MyNotesView.swift in Sources */ = {isa = PBXBuildFile; fileRef = 3AD3C8312BCE89C300CEA692 /* MyNotesView.swift */; };
		3AD3C8342BCE8A0500CEA692 /* NotesRowView.swift in Sources */ = {isa = PBXBuildFile; fileRef = 3AD3C8332BCE8A0500CEA692 /* NotesRowView.swift */; };
		3AD3C8362BCE8A2700CEA692 /* Notes.swift in Sources */ = {isa = PBXBuildFile; fileRef = 3AD3C8352BCE8A2700CEA692 /* Notes.swift */; };
		3AD3C8382BCE8A5600CEA692 /* Database.swift in Sources */ = {isa = PBXBuildFile; fileRef = 3AD3C8372BCE8A5600CEA692 /* Database.swift */; };
		3AD3C83C2BCE8E9B00CEA692 /* NotesDetailView.swift in Sources */ = {isa = PBXBuildFile; fileRef = 3AD3C83B2BCE8E9B00CEA692 /* NotesDetailView.swift */; };
		3AD3C83E2BCE940F00CEA692 /* CreateNewNotesView.swift in Sources */ = {isa = PBXBuildFile; fileRef = 3AD3C83D2BCE940F00CEA692 /* CreateNewNotesView.swift */; };
		3AD3C8432BCE977100CEA692 /* User.swift in Sources */ = {isa = PBXBuildFile; fileRef = 3AD3C8422BCE977100CEA692 /* User.swift */; };
		3AD3C8452BCE97D200CEA692 /* Profile.swift in Sources */ = {isa = PBXBuildFile; fileRef = 3AD3C8442BCE97D200CEA692 /* Profile.swift */; };
/* End PBXBuildFile section */

/* Begin PBXFileReference section */
		3AD3C81E2BCE890800CEA692 /* Notes.app */ = {isa = PBXFileReference; explicitFileType = wrapper.application; includeInIndex = 0; path = Notes.app; sourceTree = BUILT_PRODUCTS_DIR; };
		3AD3C8212BCE890800CEA692 /* NotesApp.swift */ = {isa = PBXFileReference; lastKnownFileType = sourcecode.swift; path = NotesApp.swift; sourceTree = "<group>"; };
		3AD3C8232BCE890800CEA692 /* ContentView.swift */ = {isa = PBXFileReference; lastKnownFileType = sourcecode.swift; path = ContentView.swift; sourceTree = "<group>"; };
		3AD3C8252BCE890A00CEA692 /* Assets.xcassets */ = {isa = PBXFileReference; lastKnownFileType = folder.assetcatalog; path = Assets.xcassets; sourceTree = "<group>"; };
		3AD3C8282BCE890A00CEA692 /* Preview Assets.xcassets */ = {isa = PBXFileReference; lastKnownFileType = folder.assetcatalog; path = "Preview Assets.xcassets"; sourceTree = "<group>"; };
		3AD3C8312BCE89C300CEA692 /* MyNotesView.swift */ = {isa = PBXFileReference; lastKnownFileType = sourcecode.swift; path = MyNotesView.swift; sourceTree = "<group>"; };
		3AD3C8332BCE8A0500CEA692 /* NotesRowView.swift */ = {isa = PBXFileReference; lastKnownFileType = sourcecode.swift; path = NotesRowView.swift; sourceTree = "<group>"; };
		3AD3C8352BCE8A2700CEA692 /* Notes.swift */ = {isa = PBXFileReference; lastKnownFileType = sourcecode.swift; path = Notes.swift; sourceTree = "<group>"; };
		3AD3C8372BCE8A5600CEA692 /* Database.swift */ = {isa = PBXFileReference; lastKnownFileType = sourcecode.swift; path = Database.swift; sourceTree = "<group>"; };
		3AD3C83B2BCE8E9B00CEA692 /* NotesDetailView.swift */ = {isa = PBXFileReference; lastKnownFileType = sourcecode.swift; path = NotesDetailView.swift; sourceTree = "<group>"; };
		3AD3C83D2BCE940F00CEA692 /* CreateNewNotesView.swift */ = {isa = PBXFileReference; lastKnownFileType = sourcecode.swift; path = CreateNewNotesView.swift; sourceTree = "<group>"; };
		3AD3C8422BCE977100CEA692 /* User.swift */ = {isa = PBXFileReference; lastKnownFileType = sourcecode.swift; path = User.swift; sourceTree = "<group>"; };
		3AD3C8442BCE97D200CEA692 /* Profile.swift */ = {isa = PBXFileReference; lastKnownFileType = sourcecode.swift; path = Profile.swift; sourceTree = "<group>"; };
/* End PBXFileReference section */

/* Begin PBXFrameworksBuildPhase section */
		3AD3C81B2BCE890800CEA692 /* Frameworks */ = {
			isa = PBXFrameworksBuildPhase;
			buildActionMask = 2147483647;
			files = (
			);
			runOnlyForDeploymentPostprocessing = 0;
		};
/* End PBXFrameworksBuildPhase section */

/* Begin PBXGroup section */
		3AD3C8152BCE890800CEA692 = {
			isa = PBXGroup;
			children = (
				3AD3C8202BCE890800CEA692 /* Notes */,
				3AD3C81F2BCE890800CEA692 /* Products */,
			);
			sourceTree = "<group>";
		};
		3AD3C81F2BCE890800CEA692 /* Products */ = {
			isa = PBXGroup;
			children = (
				3AD3C81E2BCE890800CEA692 /* Notes.app */,
			);
			name = Products;
			sourceTree = "<group>";
		};
		3AD3C8202BCE890800CEA692 /* Notes */ = {
			isa = PBXGroup;
			children = (
				3AD3C8302BCE892800CEA692 /* View */,
				3AD3C82F2BCE892200CEA692 /* Model */,
				3AD3C8212BCE890800CEA692 /* NotesApp.swift */,
				3AD3C8252BCE890A00CEA692 /* Assets.xcassets */,
				3AD3C8272BCE890A00CEA692 /* Preview Content */,
			);
			path = Notes;
			sourceTree = "<group>";
		};
		3AD3C8272BCE890A00CEA692 /* Preview Content */ = {
			isa = PBXGroup;
			children = (
				3AD3C8282BCE890A00CEA692 /* Preview Assets.xcassets */,
			);
			path = "Preview Content";
			sourceTree = "<group>";
		};
		3AD3C82F2BCE892200CEA692 /* Model */ = {
			isa = PBXGroup;
			children = (
				3AD3C8352BCE8A2700CEA692 /* Notes.swift */,
				3AD3C8372BCE8A5600CEA692 /* Database.swift */,
				3AD3C8422BCE977100CEA692 /* User.swift */,
			);
			path = Model;
			sourceTree = "<group>";
		};
		3AD3C8302BCE892800CEA692 /* View */ = {
			isa = PBXGroup;
			children = (
				3AD3C8412BCE975D00CEA692 /* MyProfile */,
				3AD3C8232BCE890800CEA692 /* ContentView.swift */,
				3AD3C8402BCE975500CEA692 /* MyNotes */,
			);
			path = View;
			sourceTree = "<group>";
		};
		3AD3C8402BCE975500CEA692 /* MyNotes */ = {
			isa = PBXGroup;
			children = (
				3AD3C8312BCE89C300CEA692 /* MyNotesView.swift */,
				3AD3C8332BCE8A0500CEA692 /* NotesRowView.swift */,
				3AD3C83B2BCE8E9B00CEA692 /* NotesDetailView.swift */,
				3AD3C83D2BCE940F00CEA692 /* CreateNewNotesView.swift */,
			);
			path = MyNotes;
			sourceTree = "<group>";
		};
		3AD3C8412BCE975D00CEA692 /* MyProfile */ = {
			isa = PBXGroup;
			children = (
				3AD3C8442BCE97D200CEA692 /* Profile.swift */,
			);
			path = MyProfile;
			sourceTree = "<group>";
		};
/* End PBXGroup section */

/* Begin PBXNativeTarget section */
		3AD3C81D2BCE890800CEA692 /* Notes */ = {
			isa = PBXNativeTarget;
			buildConfigurationList = 3AD3C82C2BCE890A00CEA692 /* Build configuration list for PBXNativeTarget "Notes" */;
			buildPhases = (
				3AD3C81A2BCE890800CEA692 /* Sources */,
				3AD3C81B2BCE890800CEA692 /* Frameworks */,
				3AD3C81C2BCE890800CEA692 /* Resources */,
			);
			buildRules = (
			);
			dependencies = (
			);
			name = Notes;
			productName = Notes;
			productReference = 3AD3C81E2BCE890800CEA692 /* Notes.app */;
			productType = "com.apple.product-type.application";
		};
/* End PBXNativeTarget section */

/* Begin PBXProject section */
		3AD3C8162BCE890800CEA692 /* Project object */ = {
			isa = PBXProject;
			attributes = {
				BuildIndependentTargetsInParallel = 1;
				LastSwiftUpdateCheck = 1520;
				LastUpgradeCheck = 1520;
				TargetAttributes = {
					3AD3C81D2BCE890800CEA692 = {
						CreatedOnToolsVersion = 15.2;
					};
				};
			};
			buildConfigurationList = 3AD3C8192BCE890800CEA692 /* Build configuration list for PBXProject "Notes" */;
			compatibilityVersion = "Xcode 14.0";
			developmentRegion = en;
			hasScannedForEncodings = 0;
			knownRegions = (
				en,
				Base,
			);
			mainGroup = 3AD3C8152BCE890800CEA692;
			productRefGroup = 3AD3C81F2BCE890800CEA692 /* Products */;
			projectDirPath = "";
			projectRoot = "";
			targets = (
				3AD3C81D2BCE890800CEA692 /* Notes */,
			);
		};
/* End PBXProject section */

/* Begin PBXResourcesBuildPhase section */
		3AD3C81C2BCE890800CEA692 /* Resources */ = {
			isa = PBXResourcesBuildPhase;
			buildActionMask = 2147483647;
			files = (
				3AD3C8292BCE890A00CEA692 /* Preview Assets.xcassets in Resources */,
				3AD3C8262BCE890A00CEA692 /* Assets.xcassets in Resources */,
			);
			runOnlyForDeploymentPostprocessing = 0;
		};
/* End PBXResourcesBuildPhase section */

/* Begin PBXSourcesBuildPhase section */
		3AD3C81A2BCE890800CEA692 /* Sources */ = {
			isa = PBXSourcesBuildPhase;
			buildActionMask = 2147483647;
			files = (
				3AD3C8382BCE8A5600CEA692 /* Database.swift in Sources */,
				3AD3C8452BCE97D200CEA692 /* Profile.swift in Sources */,
				3AD3C8242BCE890800CEA692 /* ContentView.swift in Sources */,
				3AD3C8362BCE8A2700CEA692 /* Notes.swift in Sources */,
				3AD3C8342BCE8A0500CEA692 /* NotesRowView.swift in Sources */,
				3AD3C8222BCE890800CEA692 /* NotesApp.swift in Sources */,
				3AD3C8432BCE977100CEA692 /* User.swift in Sources */,
				3AD3C83E2BCE940F00CEA692 /* CreateNewNotesView.swift in Sources */,
				3AD3C83C2BCE8E9B00CEA692 /* NotesDetailView.swift in Sources */,
				3AD3C8322BCE89C300CEA692 /* MyNotesView.swift in Sources */,
			);
			runOnlyForDeploymentPostprocessing = 0;
		};
/* End PBXSourcesBuildPhase section */

/* Begin XCBuildConfiguration section */
		3AD3C82A2BCE890A00CEA692 /* Debug */ = {
			isa = XCBuildConfiguration;
			buildSettings = {
				ALWAYS_SEARCH_USER_PATHS = NO;
				ASSETCATALOG_COMPILER_GENERATE_SWIFT_ASSET_SYMBOL_EXTENSIONS = YES;
				CLANG_ANALYZER_NONNULL = YES;
				CLANG_ANALYZER_NUMBER_OBJECT_CONVERSION = YES_AGGRESSIVE;
				CLANG_CXX_LANGUAGE_STANDARD = "gnu++20";
				CLANG_ENABLE_MODULES = YES;
				CLANG_ENABLE_OBJC_ARC = YES;
				CLANG_ENABLE_OBJC_WEAK = YES;
				CLANG_WARN_BLOCK_CAPTURE_AUTORELEASING = YES;
				CLANG_WARN_BOOL_CONVERSION = YES;
				CLANG_WARN_COMMA = YES;
				CLANG_WARN_CONSTANT_CONVERSION = YES;
				CLANG_WARN_DEPRECATED_OBJC_IMPLEMENTATIONS = YES;
				CLANG_WARN_DIRECT_OBJC_ISA_USAGE = YES_ERROR;
				CLANG_WARN_DOCUMENTATION_COMMENTS = YES;
				CLANG_WARN_EMPTY_BODY = YES;
				CLANG_WARN_ENUM_CONVERSION = YES;
				CLANG_WARN_INFINITE_RECURSION = YES;
				CLANG_WARN_INT_CONVERSION = YES;
				CLANG_WARN_NON_LITERAL_NULL_CONVERSION = YES;
				CLANG_WARN_OBJC_IMPLICIT_RETAIN_SELF = YES;
				CLANG_WARN_OBJC_LITERAL_CONVERSION = YES;
				CLANG_WARN_OBJC_ROOT_CLASS = YES_ERROR;
				CLANG_WARN_QUOTED_INCLUDE_IN_FRAMEWORK_HEADER = YES;
				CLANG_WARN_RANGE_LOOP_ANALYSIS = YES;
				CLANG_WARN_STRICT_PROTOTYPES = YES;
				CLANG_WARN_SUSPICIOUS_MOVE = YES;
				CLANG_WARN_UNGUARDED_AVAILABILITY = YES_AGGRESSIVE;
				CLANG_WARN_UNREACHABLE_CODE = YES;
				CLANG_WARN__DUPLICATE_METHOD_MATCH = YES;
				COPY_PHASE_STRIP = NO;
				DEBUG_INFORMATION_FORMAT = dwarf;
				ENABLE_STRICT_OBJC_MSGSEND = YES;
				ENABLE_TESTABILITY = YES;
				ENABLE_USER_SCRIPT_SANDBOXING = YES;
				GCC_C_LANGUAGE_STANDARD = gnu17;
				GCC_DYNAMIC_NO_PIC = NO;
				GCC_NO_COMMON_BLOCKS = YES;
				GCC_OPTIMIZATION_LEVEL = 0;
				GCC_PREPROCESSOR_DEFINITIONS = (
					"DEBUG=1",
					"$(inherited)",
				);
				GCC_WARN_64_TO_32_BIT_CONVERSION = YES;
				GCC_WARN_ABOUT_RETURN_TYPE = YES_ERROR;
				GCC_WARN_UNDECLARED_SELECTOR = YES;
				GCC_WARN_UNINITIALIZED_AUTOS = YES_AGGRESSIVE;
				GCC_WARN_UNUSED_FUNCTION = YES;
				GCC_WARN_UNUSED_VARIABLE = YES;
				IPHONEOS_DEPLOYMENT_TARGET = 17.2;
				LOCALIZATION_PREFERS_STRING_CATALOGS = YES;
				MTL_ENABLE_DEBUG_INFO = INCLUDE_SOURCE;
				MTL_FAST_MATH = YES;
				ONLY_ACTIVE_ARCH = YES;
				SDKROOT = iphoneos;
				SWIFT_ACTIVE_COMPILATION_CONDITIONS = "DEBUG $(inherited)";
				SWIFT_OPTIMIZATION_LEVEL = "-Onone";
			};
			name = Debug;
		};
		3AD3C82B2BCE890A00CEA692 /* Release */ = {
			isa = XCBuildConfiguration;
			buildSettings = {
				ALWAYS_SEARCH_USER_PATHS = NO;
				ASSETCATALOG_COMPILER_GENERATE_SWIFT_ASSET_SYMBOL_EXTENSIONS = YES;
				CLANG_ANALYZER_NONNULL = YES;
				CLANG_ANALYZER_NUMBER_OBJECT_CONVERSION = YES_AGGRESSIVE;
				CLANG_CXX_LANGUAGE_STANDARD = "gnu++20";
				CLANG_ENABLE_MODULES = YES;
				CLANG_ENABLE_OBJC_ARC = YES;
				CLANG_ENABLE_OBJC_WEAK = YES;
				CLANG_WARN_BLOCK_CAPTURE_AUTORELEASING = YES;
				CLANG_WARN_BOOL_CONVERSION = YES;
				CLANG_WARN_COMMA = YES;
				CLANG_WARN_CONSTANT_CONVERSION = YES;
				CLANG_WARN_DEPRECATED_OBJC_IMPLEMENTATIONS = YES;
				CLANG_WARN_DIRECT_OBJC_ISA_USAGE = YES_ERROR;
				CLANG_WARN_DOCUMENTATION_COMMENTS = YES;
				CLANG_WARN_EMPTY_BODY = YES;
				CLANG_WARN_ENUM_CONVERSION = YES;
				CLANG_WARN_INFINITE_RECURSION = YES;
				CLANG_WARN_INT_CONVERSION = YES;
				CLANG_WARN_NON_LITERAL_NULL_CONVERSION = YES;
				CLANG_WARN_OBJC_IMPLICIT_RETAIN_SELF = YES;
				CLANG_WARN_OBJC_LITERAL_CONVERSION = YES;
				CLANG_WARN_OBJC_ROOT_CLASS = YES_ERROR;
				CLANG_WARN_QUOTED_INCLUDE_IN_FRAMEWORK_HEADER = YES;
				CLANG_WARN_RANGE_LOOP_ANALYSIS = YES;
				CLANG_WARN_STRICT_PROTOTYPES = YES;
				CLANG_WARN_SUSPICIOUS_MOVE = YES;
				CLANG_WARN_UNGUARDED_AVAILABILITY = YES_AGGRESSIVE;
				CLANG_WARN_UNREACHABLE_CODE = YES;
				CLANG_WARN__DUPLICATE_METHOD_MATCH = YES;
				COPY_PHASE_STRIP = NO;
				DEBUG_INFORMATION_FORMAT = "dwarf-with-dsym";
				ENABLE_NS_ASSERTIONS = NO;
				ENABLE_STRICT_OBJC_MSGSEND = YES;
				ENABLE_USER_SCRIPT_SANDBOXING = YES;
				GCC_C_LANGUAGE_STANDARD = gnu17;
				GCC_NO_COMMON_BLOCKS = YES;
				GCC_WARN_64_TO_32_BIT_CONVERSION = YES;
				GCC_WARN_ABOUT_RETURN_TYPE = YES_ERROR;
				GCC_WARN_UNDECLARED_SELECTOR = YES;
				GCC_WARN_UNINITIALIZED_AUTOS = YES_AGGRESSIVE;
				GCC_WARN_UNUSED_FUNCTION = YES;
				GCC_WARN_UNUSED_VARIABLE = YES;
				IPHONEOS_DEPLOYMENT_TARGET = 17.2;
				LOCALIZATION_PREFERS_STRING_CATALOGS = YES;
				MTL_ENABLE_DEBUG_INFO = NO;
				MTL_FAST_MATH = YES;
				SDKROOT = iphoneos;
				SWIFT_COMPILATION_MODE = wholemodule;
				VALIDATE_PRODUCT = YES;
			};
			name = Release;
		};
		3AD3C82D2BCE890A00CEA692 /* Debug */ = {
			isa = XCBuildConfiguration;
			buildSettings = {
				ASSETCATALOG_COMPILER_APPICON_NAME = AppIcon;
				ASSETCATALOG_COMPILER_GLOBAL_ACCENT_COLOR_NAME = AccentColor;
				CODE_SIGN_STYLE = Automatic;
				CURRENT_PROJECT_VERSION = 1;
				DEVELOPMENT_ASSET_PATHS = "\"Notes/Preview Content\"";
				DEVELOPMENT_TEAM = SW8FY3LA3R;
				ENABLE_PREVIEWS = YES;
				GENERATE_INFOPLIST_FILE = YES;
				INFOPLIST_KEY_UIApplicationSceneManifest_Generation = YES;
				INFOPLIST_KEY_UIApplicationSupportsIndirectInputEvents = YES;
				INFOPLIST_KEY_UILaunchScreen_Generation = YES;
				INFOPLIST_KEY_UISupportedInterfaceOrientations_iPad = "UIInterfaceOrientationPortrait UIInterfaceOrientationPortraitUpsideDown UIInterfaceOrientationLandscapeLeft UIInterfaceOrientationLandscapeRight";
				INFOPLIST_KEY_UISupportedInterfaceOrientations_iPhone = "UIInterfaceOrientationPortrait UIInterfaceOrientationLandscapeLeft UIInterfaceOrientationLandscapeRight";
				IPHONEOS_DEPLOYMENT_TARGET = 17.4;
				LD_RUNPATH_SEARCH_PATHS = (
					"$(inherited)",
					"@executable_path/Frameworks",
				);
				MARKETING_VERSION = 1.0;
				PRODUCT_BUNDLE_IDENTIFIER = com.appledevacad.bridge.Notes;
				PRODUCT_NAME = "$(TARGET_NAME)";
				SWIFT_EMIT_LOC_STRINGS = YES;
				SWIFT_VERSION = 5.0;
				TARGETED_DEVICE_FAMILY = "1,2";
			};
			name = Debug;
		};
		3AD3C82E2BCE890A00CEA692 /* Release */ = {
			isa = XCBuildConfiguration;
			buildSettings = {
				ASSETCATALOG_COMPILER_APPICON_NAME = AppIcon;
				ASSETCATALOG_COMPILER_GLOBAL_ACCENT_COLOR_NAME = AccentColor;
				CODE_SIGN_STYLE = Automatic;
				CURRENT_PROJECT_VERSION = 1;
				DEVELOPMENT_ASSET_PATHS = "\"Notes/Preview Content\"";
				DEVELOPMENT_TEAM = SW8FY3LA3R;
				ENABLE_PREVIEWS = YES;
				GENERATE_INFOPLIST_FILE = YES;
				INFOPLIST_KEY_UIApplicationSceneManifest_Generation = YES;
				INFOPLIST_KEY_UIApplicationSupportsIndirectInputEvents = YES;
				INFOPLIST_KEY_UILaunchScreen_Generation = YES;
				INFOPLIST_KEY_UISupportedInterfaceOrientations_iPad = "UIInterfaceOrientationPortrait UIInterfaceOrientationPortraitUpsideDown UIInterfaceOrientationLandscapeLeft UIInterfaceOrientationLandscapeRight";
				INFOPLIST_KEY_UISupportedInterfaceOrientations_iPhone = "UIInterfaceOrientationPortrait UIInterfaceOrientationLandscapeLeft UIInterfaceOrientationLandscapeRight";
				IPHONEOS_DEPLOYMENT_TARGET = 17.4;
				LD_RUNPATH_SEARCH_PATHS = (
					"$(inherited)",
					"@executable_path/Frameworks",
				);
				MARKETING_VERSION = 1.0;
				PRODUCT_BUNDLE_IDENTIFIER = com.appledevacad.bridge.Notes;
				PRODUCT_NAME = "$(TARGET_NAME)";
				SWIFT_EMIT_LOC_STRINGS = YES;
				SWIFT_VERSION = 5.0;
				TARGETED_DEVICE_FAMILY = "1,2";
			};
			name = Release;
		};
/* End XCBuildConfiguration section */

/* Begin XCConfigurationList section */
		3AD3C8192BCE890800CEA692 /* Build configuration list for PBXProject "Notes" */ = {
			isa = XCConfigurationList;
			buildConfigurations = (
				3AD3C82A2BCE890A00CEA692 /* Debug */,
				3AD3C82B2BCE890A00CEA692 /* Release */,
			);
			defaultConfigurationIsVisible = 0;
			defaultConfigurationName = Release;
		};
		3AD3C82C2BCE890A00CEA692 /* Build configuration list for PBXNativeTarget "Notes" */ = {
			isa = XCConfigurationList;
			buildConfigurations = (
				3AD3C82D2BCE890A00CEA692 /* Debug */,
				3AD3C82E2BCE890A00CEA692 /* Release */,
			);
			defaultConfigurationIsVisible = 0;
			defaultConfigurationName = Release;
		};
/* End XCConfigurationList section */
	};
	rootObject = 3AD3C8162BCE890800CEA692 /* Project object */;
}
